
Microsoft Visual Studio Solution File, Format Version 12.00
# Visual Studio Version 16
VisualStudioVersion = 16.0.30225.117
MinimumVisualStudioVersion = 10.0.40219.1
Project("{FAE04EC0-301F-11D3-BF4B-00C04F79EFBC}") = "ConsRefAndOutConcept", "ConsRefAndOutConcept\ConsRefAndOutConcept.csproj", "{63B018C0-A2DE-4649-BA02-211AA595C0AA}"
EndProject
Global
	GlobalSection(SolutionConfigurationPlatforms) = preSolution
		Debug|Any CPU = Debug|Any CPU
		Release|Any CPU = Release|Any CPU
	EndGlobalSection
	GlobalSection(ProjectConfigurationPlatforms) = postSolution
		{63B018C0-A2DE-4649-BA02-211AA595C0AA}.Debug|Any CPU.ActiveCfg = Debug|Any CPU
		{63B018C0-A2DE-4649-BA02-211AA595C0AA}.Debug|Any CPU.Build.0 = Debug|Any CPU
		{63B018C0-A2DE-4649-BA02-211AA595C0AA}.Release|Any CPU.ActiveCfg = Release|Any CPU
		{63B018C0-A2DE-4649-BA02-211AA595C0AA}.Release|Any CPU.Build.0 = Release|Any CPU
	EndGlobalSection
	GlobalSection(SolutionProperties) = preSolution
		HideSolutionNode = FALSE
	EndGlobalSection
	GlobalSection(ExtensibilityGlobals) = postSolution
		SolutionGuid = {538AE59A-5FD8-4663-93D0-E90CABED3C4E}
	EndGlobalSection
EndGlobal
